// !$*UTF8*$!
{ archiveVersion = 1; classes = {}; objectVersion = 60; objects = {
4E783A9E10D2A8ABA38CD11C = { isa = PBXFileReference; explicitFileType = wrapper.application; path = CineSeeker.app; sourceTree = BUILT_PRODUCTS_DIR; };
6C7CCDEB3609F1FAA874E941 = { isa = PBXFileReference; explicitFileType = wrapper.cfbundle; path = CineSeekerTests.xctest; sourceTree = BUILT_PRODUCTS_DIR; };
1E0A4279EBDC945D05A1AD9E = { isa = PBXFileReference; lastKnownFileType = sourcecode.swift; path = "CineSeeker/App/CineSeekerApp.swift"; sourceTree = SOURCE_ROOT; };
6CB0DF93B1EC29C1C317329F = { isa = PBXBuildFile; fileRef = 1E0A4279EBDC945D05A1AD9E; };
3E1A06BC8A7A2324CF1DF8DB = { isa = PBXFileReference; lastKnownFileType = sourcecode.swift; path = "CineSeeker/Core/Network/APIEndpoint.swift"; sourceTree = SOURCE_ROOT; };
FB2B06AFB556925B26846BBA = { isa = PBXBuildFile; fileRef = 3E1A06BC8A7A2324CF1DF8DB; };
6064D4E3DA5845DC8D13C43A = { isa = PBXFileReference; lastKnownFileType = sourcecode.swift; path = "CineSeeker/Core/Network/NetworkError.swift"; sourceTree = SOURCE_ROOT; };
3FC7B161388FD71244E907AF = { isa = PBXBuildFile; fileRef = 6064D4E3DA5845DC8D13C43A; };
95A3EEEBE1A7846CDBB3FC40 = { isa = PBXFileReference; lastKnownFileType = sourcecode.swift; path = "CineSeeker/Core/Network/NetworkManager.swift"; sourceTree = SOURCE_ROOT; };
F0FD653AC3EEA8EB3DE2DD8B = { isa = PBXBuildFile; fileRef = 95A3EEEBE1A7846CDBB3FC40; };
1AA454E8B4C3E1D178EF5CD7 = { isa = PBXFileReference; lastKnownFileType = sourcecode.swift; path = "CineSeeker/Core/Network/PosterImage.swift"; sourceTree = SOURCE_ROOT; };
8F1D25456AD12D69B684041A = { isa = PBXBuildFile; fileRef = 1AA454E8B4C3E1D178EF5CD7; };
94DD10690C575CD7E9EEAB52 = { isa = PBXFileReference; lastKnownFileType = sourcecode.swift; path = "CineSeeker/Core/Storage/StorageManager.swift"; sourceTree = SOURCE_ROOT; };
0961139544DD890A0961A05C = { isa = PBXBuildFile; fileRef = 94DD10690C575CD7E9EEAB52; };
05CF8E633F7F6F749F19061B = { isa = PBXFileReference; lastKnownFileType = sourcecode.swift; path = "CineSeeker/Core/Storage/SwiftDataModel.swift"; sourceTree = SOURCE_ROOT; };
9C61E7D209A2707125A788C9 = { isa = PBXBuildFile; fileRef = 05CF8E633F7F6F749F19061B; };
81E8D78D2066BC2FF681B0F0 = { isa = PBXFileReference; lastKnownFileType = sourcecode.swift; path = "CineSeeker/Core/Theme/Colors.swift"; sourceTree = SOURCE_ROOT; };
D92436BAE338C31990906084 = { isa = PBXBuildFile; fileRef = 81E8D78D2066BC2FF681B0F0; };
21DF10A29F1955CE82ACC959 = { isa = PBXFileReference; lastKnownFileType = sourcecode.swift; path = "CineSeeker/Core/Theme/Typography.swift"; sourceTree = SOURCE_ROOT; };
E25F7680F7475AE6BC40E02C = { isa = PBXBuildFile; fileRef = 21DF10A29F1955CE82ACC959; };
C6A48CBA1E5CFD0B4FAB0374 = { isa = PBXFileReference; lastKnownFileType = sourcecode.swift; path = "CineSeeker/Core/Theme/ViewModifiers.swift"; sourceTree = SOURCE_ROOT; };
D114C10F416AC3B743DA8F86 = { isa = PBXBuildFile; fileRef = C6A48CBA1E5CFD0B4FAB0374; };
ED9FE93D1BC2E8786CB55B5A = { isa = PBXFileReference; lastKnownFileType = sourcecode.swift; path = "CineSeeker/Core/Utilities/Extensions.swift"; sourceTree = SOURCE_ROOT; };
98339598DE869CB330478538 = { isa = PBXBuildFile; fileRef = ED9FE93D1BC2E8786CB55B5A; };
D83DE438C96B96DF74377FBA = { isa = PBXFileReference; lastKnownFileType = sourcecode.swift; path = "CineSeeker/Core/Utilities/HapticManager.swift"; sourceTree = SOURCE_ROOT; };
24A83ACD9ECFA9F081B75364 = { isa = PBXBuildFile; fileRef = D83DE438C96B96DF74377FBA; };
F2753ABE041E31735AB4F5C4 = { isa = PBXFileReference; lastKnownFileType = sourcecode.swift; path = "CineSeeker/Data/LiveCatalogRepository.swift"; sourceTree = SOURCE_ROOT; };
6512BBAB23DCC563F25BB135 = { isa = PBXBuildFile; fileRef = F2753ABE041E31735AB4F5C4; };
E90140A04ACE12BFBAFD2E5A = { isa = PBXFileReference; lastKnownFileType = sourcecode.swift; path = "CineSeeker/Domain/CatalogRepository.swift"; sourceTree = SOURCE_ROOT; };
44C86284656AE202BBBE8094 = { isa = PBXBuildFile; fileRef = E90140A04ACE12BFBAFD2E5A; };
B29655C428191F05D3DCE6F7 = { isa = PBXFileReference; lastKnownFileType = sourcecode.swift; path = "CineSeeker/Features/Discover/ViewModels/DiscoverViewModel.swift"; sourceTree = SOURCE_ROOT; };
D3E1D8AC90E38C9B1161CFA8 = { isa = PBXBuildFile; fileRef = B29655C428191F05D3DCE6F7; };
8A5A0F06AAEB1F513C7F9D50 = { isa = PBXFileReference; lastKnownFileType = sourcecode.swift; path = "CineSeeker/Features/Discover/Views/DiscoverView.swift"; sourceTree = SOURCE_ROOT; };
DBA8958AAB391C5A2B82B1B6 = { isa = PBXBuildFile; fileRef = 8A5A0F06AAEB1F513C7F9D50; };
86E3DE960E7116C75B984A47 = { isa = PBXFileReference; lastKnownFileType = sourcecode.swift; path = "CineSeeker/Features/Discover/Views/MovieCard.swift"; sourceTree = SOURCE_ROOT; };
3E40310C0EA3EA61AE877AF6 = { isa = PBXBuildFile; fileRef = 86E3DE960E7116C75B984A47; };
B53F7557BD970DB9BABE65A8 = { isa = PBXFileReference; lastKnownFileType = sourcecode.swift; path = "CineSeeker/Features/MovieDetail/ViewModels/MovieDetailViewModel.swift"; sourceTree = SOURCE_ROOT; };
4953F8CDAF3EF04E45D9ACB7 = { isa = PBXBuildFile; fileRef = B53F7557BD970DB9BABE65A8; };
D4E307CA5B456507BFD15361 = { isa = PBXFileReference; lastKnownFileType = sourcecode.swift; path = "CineSeeker/Features/MovieDetail/Views/MovieDetailView.swift"; sourceTree = SOURCE_ROOT; };
D5B3BA78ABFF05DADF7F0CCE = { isa = PBXBuildFile; fileRef = D4E307CA5B456507BFD15361; };
2C167877022D1D7DB3DBDBAC = { isa = PBXFileReference; lastKnownFileType = sourcecode.swift; path = "CineSeeker/Features/Profile/ViewModels/ProfileViewModel.swift"; sourceTree = SOURCE_ROOT; };
E214A93718F94E26B6CAE4DA = { isa = PBXBuildFile; fileRef = 2C167877022D1D7DB3DBDBAC; };
DBD3E485A1C7897B9FC89EEF = { isa = PBXFileReference; lastKnownFileType = sourcecode.swift; path = "CineSeeker/Features/Profile/Views/ProfileView.swift"; sourceTree = SOURCE_ROOT; };
BC4A2F76514EB31206C5715E = { isa = PBXBuildFile; fileRef = DBD3E485A1C7897B9FC89EEF; };
388FA33DF4D9CC77005093BB = { isa = PBXFileReference; lastKnownFileType = sourcecode.swift; path = "CineSeeker/Features/Search/ViewModels/SearchViewModel.swift"; sourceTree = SOURCE_ROOT; };
2664E18053CFBF174073F987 = { isa = PBXBuildFile; fileRef = 388FA33DF4D9CC77005093BB; };
CB969583BFCBBB31D318FF75 = { isa = PBXFileReference; lastKnownFileType = sourcecode.swift; path = "CineSeeker/Features/Search/Views/SearchView.swift"; sourceTree = SOURCE_ROOT; };
5196DCBA00446EB388A21A03 = { isa = PBXBuildFile; fileRef = CB969583BFCBBB31D318FF75; };
0EA8147FD088368641786681 = { isa = PBXFileReference; lastKnownFileType = sourcecode.swift; path = "CineSeeker/Features/Subscriptions/Views/SubscriptionsView.swift"; sourceTree = SOURCE_ROOT; };
6D9135B405AFE65429241C41 = { isa = PBXBuildFile; fileRef = 0EA8147FD088368641786681; };
4DC1AB360130E7FC01145D29 = { isa = PBXFileReference; lastKnownFileType = sourcecode.swift; path = "CineSeeker/Features/Watchlist/ViewModels/WatchlistViewModel.swift"; sourceTree = SOURCE_ROOT; };
7875835CAAE8F336BF180A3B = { isa = PBXBuildFile; fileRef = 4DC1AB360130E7FC01145D29; };
CBAF5176AA2092C9FCBCA7CD = { isa = PBXFileReference; lastKnownFileType = sourcecode.swift; path = "CineSeeker/Features/Watchlist/Views/WatchlistView.swift"; sourceTree = SOURCE_ROOT; };
865475984B0AC68B23AF3F1D = { isa = PBXBuildFile; fileRef = CBAF5176AA2092C9FCBCA7CD; };
346FA9C1FE7BCCA5CA870712 = { isa = PBXFileReference; lastKnownFileType = sourcecode.swift; path = "CineSeeker/Models/Movie.swift"; sourceTree = SOURCE_ROOT; };
DAFB962066C1602493D63BFF = { isa = PBXBuildFile; fileRef = 346FA9C1FE7BCCA5CA870712; };
B21EAB0232542FB0471D5814 = { isa = PBXFileReference; lastKnownFileType = sourcecode.swift; path = "CineSeeker/Models/MovieDetail.swift"; sourceTree = SOURCE_ROOT; };
594F918EEC92B86DB5656C91 = { isa = PBXBuildFile; fileRef = B21EAB0232542FB0471D5814; };
80D36DEF3CAB6FDB72047E6E = { isa = PBXFileReference; lastKnownFileType = sourcecode.swift; path = "CineSeeker/Models/Provider.swift"; sourceTree = SOURCE_ROOT; };
D325C90440DA6820A9001260 = { isa = PBXBuildFile; fileRef = 80D36DEF3CAB6FDB72047E6E; };
4F5D19EE90EEF3CA0216DE96 = { isa = PBXFileReference; lastKnownFileType = sourcecode.swift; path = "CineSeeker/Models/User.swift"; sourceTree = SOURCE_ROOT; };
518395353B8324B6300A0B43 = { isa = PBXBuildFile; fileRef = 4F5D19EE90EEF3CA0216DE96; };
058708ACDB045C99DF724912 = { isa = PBXFileReference; lastKnownFileType = sourcecode.swift; path = "CineSeeker/Models/WatchlistItem.swift"; sourceTree = SOURCE_ROOT; };
53E4C8E5B2FBC601F779E620 = { isa = PBXBuildFile; fileRef = 058708ACDB045C99DF724912; };
FF4D3800A0D4B5B8015A1DB7 = { isa = PBXFileReference; lastKnownFileType = sourcecode.swift; path = "CineSeekerTests/CineSeekerTests.swift"; sourceTree = SOURCE_ROOT; };
67B071BF77B0CD8670C04223 = { isa = PBXBuildFile; fileRef = FF4D3800A0D4B5B8015A1DB7; };
34919033A8F5ADD5410D082B = { isa = PBXFileReference; lastKnownFileType = folder.assetcatalog; path = "CineSeeker/Resources/Assets.xcassets"; sourceTree = SOURCE_ROOT; };
3335F18881A028C487741CD0 = { isa = PBXBuildFile; fileRef = 34919033A8F5ADD5410D082B; };
946260B1FE047A5948E359F2 = { isa = PBXFileReference; lastKnownFileType = text.xml; path = "CineSeeker/Resources/PrivacyInfo.xcprivacy"; sourceTree = SOURCE_ROOT; };
19BA14B4DB651D8279FC1ADB = { isa = PBXBuildFile; fileRef = 946260B1FE047A5948E359F2; };
71144BFC4600AC8A85ECEAB7 = { isa = PBXFileReference; lastKnownFileType = text.xcconfig; path = "Config/Defaults.xcconfig"; sourceTree = SOURCE_ROOT; };
FBDC4F23F93125BBEEAE800C = { isa = PBXGroup; children = (4E783A9E10D2A8ABA38CD11C, 6C7CCDEB3609F1FAA874E941,); name = Products; sourceTree = "<group>"; };
64292B1C2B2E13EAD8788FC8 = { isa = PBXGroup; children = (1E0A4279EBDC945D05A1AD9E, 3E1A06BC8A7A2324CF1DF8DB, 6064D4E3DA5845DC8D13C43A, 95A3EEEBE1A7846CDBB3FC40, 1AA454E8B4C3E1D178EF5CD7, 94DD10690C575CD7E9EEAB52, 05CF8E633F7F6F749F19061B, 81E8D78D2066BC2FF681B0F0, 21DF10A29F1955CE82ACC959, C6A48CBA1E5CFD0B4FAB0374, ED9FE93D1BC2E8786CB55B5A, D83DE438C96B96DF74377FBA, F2753ABE041E31735AB4F5C4, E90140A04ACE12BFBAFD2E5A, B29655C428191F05D3DCE6F7, 8A5A0F06AAEB1F513C7F9D50, 86E3DE960E7116C75B984A47, B53F7557BD970DB9BABE65A8, D4E307CA5B456507BFD15361, 2C167877022D1D7DB3DBDBAC, DBD3E485A1C7897B9FC89EEF, 388FA33DF4D9CC77005093BB, CB969583BFCBBB31D318FF75, 0EA8147FD088368641786681, 4DC1AB360130E7FC01145D29, CBAF5176AA2092C9FCBCA7CD, 346FA9C1FE7BCCA5CA870712, B21EAB0232542FB0471D5814, 80D36DEF3CAB6FDB72047E6E, 4F5D19EE90EEF3CA0216DE96, 058708ACDB045C99DF724912, FF4D3800A0D4B5B8015A1DB7, 34919033A8F5ADD5410D082B, 946260B1FE047A5948E359F2, 71144BFC4600AC8A85ECEAB7, FBDC4F23F93125BBEEAE800C,); sourceTree = "<group>"; };
949D493B91791558E87BC5D7 = { isa = PBXSourcesBuildPhase; buildActionMask = 2147483647; files = (6CB0DF93B1EC29C1C317329F, FB2B06AFB556925B26846BBA, 3FC7B161388FD71244E907AF, F0FD653AC3EEA8EB3DE2DD8B, 8F1D25456AD12D69B684041A, 0961139544DD890A0961A05C, 9C61E7D209A2707125A788C9, D92436BAE338C31990906084, E25F7680F7475AE6BC40E02C, D114C10F416AC3B743DA8F86, 98339598DE869CB330478538, 24A83ACD9ECFA9F081B75364, 6512BBAB23DCC563F25BB135, 44C86284656AE202BBBE8094, D3E1D8AC90E38C9B1161CFA8, DBA8958AAB391C5A2B82B1B6, 3E40310C0EA3EA61AE877AF6, 4953F8CDAF3EF04E45D9ACB7, D5B3BA78ABFF05DADF7F0CCE, E214A93718F94E26B6CAE4DA, BC4A2F76514EB31206C5715E, 2664E18053CFBF174073F987, 5196DCBA00446EB388A21A03, 6D9135B405AFE65429241C41, 7875835CAAE8F336BF180A3B, 865475984B0AC68B23AF3F1D, DAFB962066C1602493D63BFF, 594F918EEC92B86DB5656C91, D325C90440DA6820A9001260, 518395353B8324B6300A0B43, 53E4C8E5B2FBC601F779E620,); runOnlyForDeploymentPostprocessing = 0; };
BD92572B49AC16A86614498D = { isa = PBXFrameworksBuildPhase; buildActionMask = 2147483647; files = (); runOnlyForDeploymentPostprocessing = 0; };
8ECC8B5D05B79F879ACDF1A2 = { isa = PBXResourcesBuildPhase; buildActionMask = 2147483647; files = (3335F18881A028C487741CD0, 19BA14B4DB651D8279FC1ADB,); runOnlyForDeploymentPostprocessing = 0; };
77A03FEE20FE96AD9384861E = { isa = PBXSourcesBuildPhase; buildActionMask = 2147483647; files = (67B071BF77B0CD8670C04223,); runOnlyForDeploymentPostprocessing = 0; };
E05DB79C430AA1B0BA487AFC = { isa = PBXFrameworksBuildPhase; buildActionMask = 2147483647; files = (); runOnlyForDeploymentPostprocessing = 0; };
ED8772ADEC3A6C25161BC957 = { isa = XCBuildConfiguration; baseConfigurationReference = 71144BFC4600AC8A85ECEAB7; buildSettings = { SWIFT_VERSION = 6.0; IPHONEOS_DEPLOYMENT_TARGET = 17.0; SDKROOT = iphoneos; CLANG_ENABLE_MODULES = YES; CLANG_ENABLE_OBJC_ARC = YES; SWIFT_STRICT_CONCURRENCY = complete; ENABLE_USER_SCRIPT_SANDBOXING = YES; SWIFT_OPTIMIZATION_LEVEL = "-Onone"; DEBUG_INFORMATION_FORMAT = "dwarf"; SWIFT_ACTIVE_COMPILATION_CONDITIONS = "DEBUG $(inherited)"; ENABLE_TESTABILITY = YES; }; name = Debug; };
00F209874A1F7309F6DCEAA7 = { isa = XCBuildConfiguration; baseConfigurationReference = 71144BFC4600AC8A85ECEAB7; buildSettings = { SWIFT_VERSION = 6.0; IPHONEOS_DEPLOYMENT_TARGET = 17.0; SDKROOT = iphoneos; CLANG_ENABLE_MODULES = YES; CLANG_ENABLE_OBJC_ARC = YES; SWIFT_STRICT_CONCURRENCY = complete; ENABLE_USER_SCRIPT_SANDBOXING = YES; SWIFT_OPTIMIZATION_LEVEL = "-O"; DEBUG_INFORMATION_FORMAT = "dwarf-with-dsym"; }; name = Release; };
640DC9EFD529235A8D9E2727 = { isa = XCConfigurationList; buildConfigurations = (ED8772ADEC3A6C25161BC957, 00F209874A1F7309F6DCEAA7,); defaultConfigurationIsVisible = 0; defaultConfigurationName = Release; };
F8975E934DA2067E0E497395 = { isa = XCBuildConfiguration; baseConfigurationReference = 71144BFC4600AC8A85ECEAB7; buildSettings = { PRODUCT_NAME = "$(TARGET_NAME)"; INFOPLIST_FILE = "CineSeeker/Resources/Info.plist"; CURRENT_PROJECT_VERSION = 1; MARKETING_VERSION = 1.0.0; VERSIONING_SYSTEM = "apple-generic"; CODE_SIGN_STYLE = Automatic; TARGETED_DEVICE_FAMILY = "1,2"; ASSETCATALOG_COMPILER_APPICON_NAME = AppIcon; SUPPORTED_PLATFORMS = "iphoneos iphonesimulator"; SUPPORTS_MACCATALYST = NO; LD_RUNPATH_SEARCH_PATHS = "$(inherited) @executable_path/Frameworks"; SWIFT_OPTIMIZATION_LEVEL = "-Onone"; DEBUG_INFORMATION_FORMAT = "dwarf"; SWIFT_ACTIVE_COMPILATION_CONDITIONS = "DEBUG $(inherited)"; ENABLE_TESTABILITY = YES; }; name = Debug; };
F72D4F08E84CA4C7F809A7CF = { isa = XCBuildConfiguration; baseConfigurationReference = 71144BFC4600AC8A85ECEAB7; buildSettings = { PRODUCT_NAME = "$(TARGET_NAME)"; INFOPLIST_FILE = "CineSeeker/Resources/Info.plist"; CURRENT_PROJECT_VERSION = 1; MARKETING_VERSION = 1.0.0; VERSIONING_SYSTEM = "apple-generic"; CODE_SIGN_STYLE = Automatic; TARGETED_DEVICE_FAMILY = "1,2"; ASSETCATALOG_COMPILER_APPICON_NAME = AppIcon; SUPPORTED_PLATFORMS = "iphoneos iphonesimulator"; SUPPORTS_MACCATALYST = NO; LD_RUNPATH_SEARCH_PATHS = "$(inherited) @executable_path/Frameworks"; SWIFT_OPTIMIZATION_LEVEL = "-O"; DEBUG_INFORMATION_FORMAT = "dwarf-with-dsym"; }; name = Release; };
4867F1BF372A84237FA0A5A7 = { isa = XCConfigurationList; buildConfigurations = (F8975E934DA2067E0E497395, F72D4F08E84CA4C7F809A7CF,); defaultConfigurationIsVisible = 0; defaultConfigurationName = Release; };
C449802CFC00FE43A29E0F19 = { isa = XCBuildConfiguration; baseConfigurationReference = 71144BFC4600AC8A85ECEAB7; buildSettings = { PRODUCT_NAME = "$(TARGET_NAME)"; PRODUCT_BUNDLE_IDENTIFIER = com.projectcagla.cineseeker.tests; GENERATE_INFOPLIST_FILE = YES; TEST_HOST = "$(BUILT_PRODUCTS_DIR)/CineSeeker.app/$(BUNDLE_EXECUTABLE_FOLDER_PATH)/CineSeeker"; BUNDLE_LOADER = "$(TEST_HOST)"; CODE_SIGN_STYLE = Automatic; TARGETED_DEVICE_FAMILY = "1,2"; SWIFT_OPTIMIZATION_LEVEL = "-Onone"; DEBUG_INFORMATION_FORMAT = "dwarf"; SWIFT_ACTIVE_COMPILATION_CONDITIONS = "DEBUG $(inherited)"; ENABLE_TESTABILITY = YES; }; name = Debug; };
C4D458CFDB61996E24F4F16F = { isa = XCBuildConfiguration; baseConfigurationReference = 71144BFC4600AC8A85ECEAB7; buildSettings = { PRODUCT_NAME = "$(TARGET_NAME)"; PRODUCT_BUNDLE_IDENTIFIER = com.projectcagla.cineseeker.tests; GENERATE_INFOPLIST_FILE = YES; TEST_HOST = "$(BUILT_PRODUCTS_DIR)/CineSeeker.app/$(BUNDLE_EXECUTABLE_FOLDER_PATH)/CineSeeker"; BUNDLE_LOADER = "$(TEST_HOST)"; CODE_SIGN_STYLE = Automatic; TARGETED_DEVICE_FAMILY = "1,2"; SWIFT_OPTIMIZATION_LEVEL = "-O"; DEBUG_INFORMATION_FORMAT = "dwarf-with-dsym"; }; name = Release; };
19170B56EA5642A46C383F29 = { isa = XCConfigurationList; buildConfigurations = (C449802CFC00FE43A29E0F19, C4D458CFDB61996E24F4F16F,); defaultConfigurationIsVisible = 0; defaultConfigurationName = Release; };
7E85D4A68785761E1DBB22D8 = { isa = PBXContainerItemProxy; containerPortal = 98F54143AB4E86B28C3AFEE0; proxyType = 1; remoteGlobalIDString = 7D1043473D55BFA90E8530D3; remoteInfo = CineSeeker; };
9F8F6AF81E0B8CD0E2C16D29 = { isa = PBXTargetDependency; target = 7D1043473D55BFA90E8530D3; targetProxy = 7E85D4A68785761E1DBB22D8; };
7D1043473D55BFA90E8530D3 = { isa = PBXNativeTarget; buildConfigurationList = 4867F1BF372A84237FA0A5A7; buildPhases = (949D493B91791558E87BC5D7, BD92572B49AC16A86614498D, 8ECC8B5D05B79F879ACDF1A2,); buildRules = (); dependencies = (); name = CineSeeker; productName = CineSeeker; productReference = 4E783A9E10D2A8ABA38CD11C; productType = "com.apple.product-type.application"; };
A94A8FE5CCB19BA61C4C0873 = { isa = PBXNativeTarget; buildConfigurationList = 19170B56EA5642A46C383F29; buildPhases = (77A03FEE20FE96AD9384861E, E05DB79C430AA1B0BA487AFC,); buildRules = (); dependencies = (9F8F6AF81E0B8CD0E2C16D29,); name = CineSeekerTests; productName = CineSeekerTests; productReference = 6C7CCDEB3609F1FAA874E941; productType = "com.apple.product-type.bundle.unit-test"; };
98F54143AB4E86B28C3AFEE0 = { isa = PBXProject; attributes = { BuildIndependentTargetsInParallel = YES; LastUpgradeCheck = 2700; }; buildConfigurationList = 640DC9EFD529235A8D9E2727; compatibilityVersion = "Xcode 15.0"; developmentRegion = tr; hasScannedForEncodings = 0; knownRegions = (tr, en, Base,); mainGroup = 64292B1C2B2E13EAD8788FC8; productRefGroup = FBDC4F23F93125BBEEAE800C; projectDirPath = ""; projectRoot = ""; targets = (7D1043473D55BFA90E8530D3, A94A8FE5CCB19BA61C4C0873,); };
}; rootObject = 98F54143AB4E86B28C3AFEE0; }
